
Microsoft Visual Studio Solution File, Format Version 12.00
# Visual Studio Version 17
VisualStudioVersion = 17.10.34928.147
MinimumVisualStudioVersion = 10.0.40219.1
Project("{FAE04EC0-301F-11D3-BF4B-00C04F79EFBC}") = "tarjetas_asp", "tarjetas_asp\tarjetas_asp.csproj", "{F02D5B13-51C1-424F-A1B2-60A10866C21D}"
	ProjectSection(ProjectDependencies) = postProject
		{10C7CC9D-D401-4336-A16D-763B0DCA7C79} = {10C7CC9D-D401-4336-A16D-763B0DCA7C79}
	EndProjectSection
EndProject
Project("{FAE04EC0-301F-11D3-BF4B-00C04F79EFBC}") = "tarjeta_soap", "tarjeta_soap\tarjeta_soap.csproj", "{10C7CC9D-D401-4336-A16D-763B0DCA7C79}"
EndProject
Global
	GlobalSection(SolutionConfigurationPlatforms) = preSolution
		Debug|Any CPU = Debug|Any CPU
		Release|Any CPU = Release|Any CPU
	EndGlobalSection
	GlobalSection(ProjectConfigurationPlatforms) = postSolution
		{F02D5B13-51C1-424F-A1B2-60A10866C21D}.Debug|Any CPU.ActiveCfg = Debug|Any CPU
		{F02D5B13-51C1-424F-A1B2-60A10866C21D}.Debug|Any CPU.Build.0 = Debug|Any CPU
		{F02D5B13-51C1-424F-A1B2-60A10866C21D}.Release|Any CPU.ActiveCfg = Release|Any CPU
		{F02D5B13-51C1-424F-A1B2-60A10866C21D}.Release|Any CPU.Build.0 = Release|Any CPU
		{10C7CC9D-D401-4336-A16D-763B0DCA7C79}.Debug|Any CPU.ActiveCfg = Debug|Any CPU
		{10C7CC9D-D401-4336-A16D-763B0DCA7C79}.Debug|Any CPU.Build.0 = Debug|Any CPU
		{10C7CC9D-D401-4336-A16D-763B0DCA7C79}.Release|Any CPU.ActiveCfg = Release|Any CPU
		{10C7CC9D-D401-4336-A16D-763B0DCA7C79}.Release|Any CPU.Build.0 = Release|Any CPU
	EndGlobalSection
	GlobalSection(SolutionProperties) = preSolution
		HideSolutionNode = FALSE
	EndGlobalSection
	GlobalSection(ExtensibilityGlobals) = postSolution
		SolutionGuid = {59F9542D-20A9-4172-B323-031470F5E760}
	EndGlobalSection
EndGlobal
